
Microsoft Visual Studio Solution File, Format Version 12.00
# Visual Studio Version 17
VisualStudioVersion = 17.10.34928.147
MinimumVisualStudioVersion = 10.0.40219.1
Project("{FAE04EC0-301F-11D3-BF4B-00C04F79EFBC}") = "WealthAPI", "WealthAPI\WealthAPI.csproj", "{B3854B52-2CB4-452F-A9E3-D5DC950542A1}"
EndProject
Global
	GlobalSection(SolutionConfigurationPlatforms) = preSolution
		Debug|Any CPU = Debug|Any CPU
		Release|Any CPU = Release|Any CPU
	EndGlobalSection
	GlobalSection(ProjectConfigurationPlatforms) = postSolution
		{B3854B52-2CB4-452F-A9E3-D5DC950542A1}.Debug|Any CPU.ActiveCfg = Debug|Any CPU
		{B3854B52-2CB4-452F-A9E3-D5DC950542A1}.Debug|Any CPU.Build.0 = Debug|Any CPU
		{B3854B52-2CB4-452F-A9E3-D5DC950542A1}.Release|Any CPU.ActiveCfg = Release|Any CPU
		{B3854B52-2CB4-452F-A9E3-D5DC950542A1}.Release|Any CPU.Build.0 = Release|Any CPU
	EndGlobalSection
	GlobalSection(SolutionProperties) = preSolution
		HideSolutionNode = FALSE
	EndGlobalSection
	GlobalSection(ExtensibilityGlobals) = postSolution
		SolutionGuid = {D1B8933E-4A87-4978-8B8E-FE3A061C5E1B}
	EndGlobalSection
EndGlobal
